<?xml version="1.0" encoding="utf-8"?>
<Project ToolsVersion="4.0" xmlns="http://schemas.microsoft.com/developer/msbuild/2003">
  <ItemGroup>
    <Filter Include="Source Files">
      <Extensions>cpp;c;cc;cxx;def;odl;idl;hpj;bat;asm;asmx;*</Extensions>
      <UniqueIdentifier>{6B0DB38D-339D-4394-9D38-7B33D2578604}</UniqueIdentifier>
    </Filter>
    <Filter Include="Header Files">
      <Extensions>h;hpp;hxx;hm;inl;inc;xsd</Extensions>
      <UniqueIdentifier>{6799021A-3482-4D44-AFA7-0E3568479792}</UniqueIdentifier>
    </Filter>
    <Filter Include="Resource Files">
      <Extensions>rc;ico;cur;bmp;dlg;rc2;rct;bin;rgs;gif;jpg;jpeg;jpe;resx;tiff;tif;png;wav;mfcribbon-ms;man;xml</Extensions>
      <UniqueIdentifier>{B42AE315-4579-4F49-8104-ED6E17FCF170}</UniqueIdentifier>
    </Filter>
  </ItemGroup>
  <ItemGroup>
    <ClInclude Include="Common.h">
      <Filter>Header Files</Filter>
    </ClInclude>
  </ItemGroup>
  <ItemGroup>
    <ResourceCompile Include="resources.rc">
      <Filter>Resource Files</Filter>
    </ResourceCompile>
  </ItemGroup>
  <ItemGroup>
    <ClCompile Include="Entry.c">
      <Filter>Source Files</Filter>
    </ClCompile>
    <ClCompile Include="ReadWrite.c">
      <Filter>Source Files</Filter>
    </ClCompile>
    <ClCompile Include="CleanupCloseFlush.c">
      <Filter>Source Files</Filter>
    </ClCompile>
    <ClCompile Include="Debugging.c">
      <Filter>Source Files</Filter>
    </ClCompile>
    <ClCompile Include="Volume.c">
      <Filter>Source Files</Filter>
    </ClCompile>
    <ClCompile Include="BlockIo.c">
      <Filter>Source Files</Filter>
    </ClCompile>
    <ClCompile Include="Background.c">
      <Filter>Source Files</Filter>
    </ClCompile>
    <ClCompile Include="Dispatch.c">
      <Filter>Source Files</Filter>
    </ClCompile>
    <ClCompile Include="Locks.c">
      <Filter>Source Files</Filter>
    </ClCompile>
    <ClCompile Include="ControlBlocks.c">
      <Filter>Source Files</Filter>
    </ClCompile>
    <ClCompile Include="DeviceControl.c">
      <Filter>Source Files</Filter>
    </ClCompile>
    <ClCompile Include="Create.c">
      <Filter>Source Files</Filter>
    </ClCompile>
    <ClCompile Include="DirectoryControl.c">
      <Filter>Source Files</Filter>
    </ClCompile>
    <ClCompile Include="FileSystemControl.c">
      <Filter>Source Files</Filter>
    </ClCompile>
    <ClCompile Include="FileInformation.c">
      <Filter>Source Files</Filter>
    </ClCompile>
    <ClCompile Include="Data.c">
      <Filter>Source Files</Filter>
    </ClCompile>
    <ClCompile Include="Space.c">
      <Filter>Source Files</Filter>
    </ClCompile>
    <ClCompile Include="Metadata.c">
      <Filter>Source Files</Filter>
    </ClCompile>
    <ClCompile Include="Cache.c">
      <Filter>Source Files</Filter>
    </ClCompile>
    <ClCompile Include="Miscellaneous.c">
      <Filter>Source Files</Filter>
    </ClCompile>
  </ItemGroup>
</Project>